// !$*UTF8*$!
{
	archiveVersion = 1;
	classes = {
	};
	objectVersion = 46;
	objects = {

/* Begin PBXBuildFile section */
		09623517820FC931CA79EC8F /* Pods_LaoSanTests.framework in Frameworks */ = {isa = PBXBuildFile; fileRef = A9B8A66DD40449D1AB99EFBF /* Pods_LaoSanTests.framework */; };
		1D8D88B091DB953DD4526185 /* Pods_LaoSan.framework in Frameworks */ = {isa = PBXBuildFile; fileRef = 5B0426CC97C17D0B8C6FC558 /* Pods_LaoSan.framework */; };
		85E8C9B71F5668D40055723E /* Main.storyboard in Resources */ = {isa = PBXBuildFile; fileRef = 85E8C9B51F5668D40055723E /* Main.storyboard */; };
		85E8C9B91F5668D40055723E /* Assets.xcassets in Resources */ = {isa = PBXBuildFile; fileRef = 85E8C9B81F5668D40055723E /* Assets.xcassets */; };
		85E8C9BC1F5668D40055723E /* LaunchScreen.storyboard in Resources */ = {isa = PBXBuildFile; fileRef = 85E8C9BA1F5668D40055723E /* LaunchScreen.storyboard */; };
		85E8C9C71F5668D40055723E /* LaoSanTests.swift in Sources */ = {isa = PBXBuildFile; fileRef = 85E8C9C61F5668D40055723E /* LaoSanTests.swift */; };
		85E8C9D21F5668D40055723E /* LaoSanUITests.swift in Sources */ = {isa = PBXBuildFile; fileRef = 85E8C9D11F5668D40055723E /* LaoSanUITests.swift */; };
		85E8CA2E1F57BE080055723E /* LSButtonExtension.swift in Sources */ = {isa = PBXBuildFile; fileRef = 85E8CA241F57BE080055723E /* LSButtonExtension.swift */; };
		85E8CA2F1F57BE080055723E /* LSColorExtension.swift in Sources */ = {isa = PBXBuildFile; fileRef = 85E8CA251F57BE080055723E /* LSColorExtension.swift */; };
		85E8CA301F57BE080055723E /* LSFontExtension.swift in Sources */ = {isa = PBXBuildFile; fileRef = 85E8CA261F57BE080055723E /* LSFontExtension.swift */; };
		85E8CA311F57BE080055723E /* LSImageExtension.swift in Sources */ = {isa = PBXBuildFile; fileRef = 85E8CA271F57BE080055723E /* LSImageExtension.swift */; };
		85E8CA321F57BE080055723E /* LSImageViewExtension.swift in Sources */ = {isa = PBXBuildFile; fileRef = 85E8CA281F57BE080055723E /* LSImageViewExtension.swift */; };
		85E8CA331F57BE080055723E /* LSLabelExtension.swift in Sources */ = {isa = PBXBuildFile; fileRef = 85E8CA291F57BE080055723E /* LSLabelExtension.swift */; };
		85E8CA341F57BE080055723E /* LSViewExtension.swift in Sources */ = {isa = PBXBuildFile; fileRef = 85E8CA2A1F57BE080055723E /* LSViewExtension.swift */; };
		85E8CA361F57BF8F0055723E /* LSBaseTableCell.swift in Sources */ = {isa = PBXBuildFile; fileRef = 85E8CA351F57BF8F0055723E /* LSBaseTableCell.swift */; };
		85E8CA381F57BFCE0055723E /* LSLeftTitleRightTitleCell.swift in Sources */ = {isa = PBXBuildFile; fileRef = 85E8CA371F57BFCE0055723E /* LSLeftTitleRightTitleCell.swift */; };
		85E8CA3A1F57BFE60055723E /* LSLeftTitleCell.swift in Sources */ = {isa = PBXBuildFile; fileRef = 85E8CA391F57BFE60055723E /* LSLeftTitleCell.swift */; };
		85E8CA3C1F57C00A0055723E /* LSleftImageTitleCell.swift in Sources */ = {isa = PBXBuildFile; fileRef = 85E8CA3B1F57C00A0055723E /* LSleftImageTitleCell.swift */; };
		85E8CA3E1F57C0A60055723E /* LSTextFiledCell.swift in Sources */ = {isa = PBXBuildFile; fileRef = 85E8CA3D1F57C0A60055723E /* LSTextFiledCell.swift */; };
		85E8CA401F57C0C90055723E /* LSLeftTitleRightSwitchCell.swift in Sources */ = {isa = PBXBuildFile; fileRef = 85E8CA3F1F57C0C90055723E /* LSLeftTitleRightSwitchCell.swift */; };
		85E8CA421F57C13F0055723E /* LSTopBottomTitleCell.swift in Sources */ = {isa = PBXBuildFile; fileRef = 85E8CA411F57C13F0055723E /* LSTopBottomTitleCell.swift */; };
		85E8CA441F57C16C0055723E /* LSTopTitleBottomTextFiledCell.swift in Sources */ = {isa = PBXBuildFile; fileRef = 85E8CA431F57C16C0055723E /* LSTopTitleBottomTextFiledCell.swift */; };
		85E8CA491F57C7D10055723E /* AppDelegate.swift in Sources */ = {isa = PBXBuildFile; fileRef = 85E8CA461F57C7D10055723E /* AppDelegate.swift */; };
		85E8CA4B1F57C7D10055723E /* ViewController.swift in Sources */ = {isa = PBXBuildFile; fileRef = 85E8CA481F57C7D10055723E /* ViewController.swift */; };
		85E8CA4D1F57C8F30055723E /* Info.plist in Resources */ = {isa = PBXBuildFile; fileRef = 85E8CA4C1F57C8F30055723E /* Info.plist */; };
		85E8CA4F1F57DC8D0055723E /* LSPch.swift in Sources */ = {isa = PBXBuildFile; fileRef = 85E8CA4E1F57DC8D0055723E /* LSPch.swift */; };
		85E8CA511F57EA4B0055723E /* LSTableCellDef.swift in Sources */ = {isa = PBXBuildFile; fileRef = 85E8CA501F57EA4B0055723E /* LSTableCellDef.swift */; };
		85E8CA531F580C5F0055723E /* LSTableViewData.swift in Sources */ = {isa = PBXBuildFile; fileRef = 85E8CA521F580C5F0055723E /* LSTableViewData.swift */; };
		C7D8073E734ED85A85A0D4D1 /* Pods_LaoSanUITests.framework in Frameworks */ = {isa = PBXBuildFile; fileRef = FEF5689CF5DC7D41B59304C7 /* Pods_LaoSanUITests.framework */; };
/* End PBXBuildFile section */

/* Begin PBXContainerItemProxy section */
		85E8C9C31F5668D40055723E /* PBXContainerItemProxy */ = {
			isa = PBXContainerItemProxy;
			containerPortal = 85E8C9A61F5668D40055723E /* Project object */;
			proxyType = 1;
			remoteGlobalIDString = 85E8C9AD1F5668D40055723E;
			remoteInfo = LaoSan;
		};
		85E8C9CE1F5668D40055723E /* PBXContainerItemProxy */ = {
			isa = PBXContainerItemProxy;
			containerPortal = 85E8C9A61F5668D40055723E /* Project object */;
			proxyType = 1;
			remoteGlobalIDString = 85E8C9AD1F5668D40055723E;
			remoteInfo = LaoSan;
		};
/* End PBXContainerItemProxy section */

/* Begin PBXFileReference section */
		3C02ADAE741FE7A5413FDB59 /* Pods-LaoSanTests.release.xcconfig */ = {isa = PBXFileReference; includeInIndex = 1; lastKnownFileType = text.xcconfig; name = "Pods-LaoSanTests.release.xcconfig"; path = "Pods/Target Support Files/Pods-LaoSanTests/Pods-LaoSanTests.release.xcconfig"; sourceTree = "<group>"; };
		4D8ED28533EB0D8084D1CEF0 /* Pods-LaoSanUITests.release.xcconfig */ = {isa = PBXFileReference; includeInIndex = 1; lastKnownFileType = text.xcconfig; name = "Pods-LaoSanUITests.release.xcconfig"; path = "Pods/Target Support Files/Pods-LaoSanUITests/Pods-LaoSanUITests.release.xcconfig"; sourceTree = "<group>"; };
		502BB3E4DBB6FD9F43C562B4 /* Pods-LaoSanUITests.debug.xcconfig */ = {isa = PBXFileReference; includeInIndex = 1; lastKnownFileType = text.xcconfig; name = "Pods-LaoSanUITests.debug.xcconfig"; path = "Pods/Target Support Files/Pods-LaoSanUITests/Pods-LaoSanUITests.debug.xcconfig"; sourceTree = "<group>"; };
		5B0426CC97C17D0B8C6FC558 /* Pods_LaoSan.framework */ = {isa = PBXFileReference; explicitFileType = wrapper.framework; includeInIndex = 0; path = Pods_LaoSan.framework; sourceTree = BUILT_PRODUCTS_DIR; };
		5B983B0E52DA88BDCB60F41A /* Pods-LaoSan.debug.xcconfig */ = {isa = PBXFileReference; includeInIndex = 1; lastKnownFileType = text.xcconfig; name = "Pods-LaoSan.debug.xcconfig"; path = "Pods/Target Support Files/Pods-LaoSan/Pods-LaoSan.debug.xcconfig"; sourceTree = "<group>"; };
		7FEF276868F2CACFA9C4108F /* Pods-LaoSanTests.debug.xcconfig */ = {isa = PBXFileReference; includeInIndex = 1; lastKnownFileType = text.xcconfig; name = "Pods-LaoSanTests.debug.xcconfig"; path = "Pods/Target Support Files/Pods-LaoSanTests/Pods-LaoSanTests.debug.xcconfig"; sourceTree = "<group>"; };
		85E8C9AE1F5668D40055723E /* LaoSan.app */ = {isa = PBXFileReference; explicitFileType = wrapper.application; includeInIndex = 0; path = LaoSan.app; sourceTree = BUILT_PRODUCTS_DIR; };
		85E8C9B61F5668D40055723E /* Base */ = {isa = PBXFileReference; lastKnownFileType = file.storyboard; name = Base; path = Base.lproj/Main.storyboard; sourceTree = "<group>"; };
		85E8C9B81F5668D40055723E /* Assets.xcassets */ = {isa = PBXFileReference; lastKnownFileType = folder.assetcatalog; path = Assets.xcassets; sourceTree = "<group>"; };
		85E8C9BB1F5668D40055723E /* Base */ = {isa = PBXFileReference; lastKnownFileType = file.storyboard; name = Base; path = Base.lproj/LaunchScreen.storyboard; sourceTree = "<group>"; };
		85E8C9C21F5668D40055723E /* LaoSanTests.xctest */ = {isa = PBXFileReference; explicitFileType = wrapper.cfbundle; includeInIndex = 0; path = LaoSanTests.xctest; sourceTree = BUILT_PRODUCTS_DIR; };
		85E8C9C61F5668D40055723E /* LaoSanTests.swift */ = {isa = PBXFileReference; lastKnownFileType = sourcecode.swift; path = LaoSanTests.swift; sourceTree = "<group>"; };
		85E8C9C81F5668D40055723E /* Info.plist */ = {isa = PBXFileReference; lastKnownFileType = text.plist.xml; path = Info.plist; sourceTree = "<group>"; };
		85E8C9CD1F5668D40055723E /* LaoSanUITests.xctest */ = {isa = PBXFileReference; explicitFileType = wrapper.cfbundle; includeInIndex = 0; path = LaoSanUITests.xctest; sourceTree = BUILT_PRODUCTS_DIR; };
		85E8C9D11F5668D40055723E /* LaoSanUITests.swift */ = {isa = PBXFileReference; lastKnownFileType = sourcecode.swift; path = LaoSanUITests.swift; sourceTree = "<group>"; };
		85E8C9D31F5668D50055723E /* Info.plist */ = {isa = PBXFileReference; lastKnownFileType = text.plist.xml; path = Info.plist; sourceTree = "<group>"; };
		85E8CA241F57BE080055723E /* LSButtonExtension.swift */ = {isa = PBXFileReference; fileEncoding = 4; lastKnownFileType = sourcecode.swift; path = LSButtonExtension.swift; sourceTree = "<group>"; };
		85E8CA251F57BE080055723E /* LSColorExtension.swift */ = {isa = PBXFileReference; fileEncoding = 4; lastKnownFileType = sourcecode.swift; path = LSColorExtension.swift; sourceTree = "<group>"; };
		85E8CA261F57BE080055723E /* LSFontExtension.swift */ = {isa = PBXFileReference; fileEncoding = 4; lastKnownFileType = sourcecode.swift; path = LSFontExtension.swift; sourceTree = "<group>"; };
		85E8CA271F57BE080055723E /* LSImageExtension.swift */ = {isa = PBXFileReference; fileEncoding = 4; lastKnownFileType = sourcecode.swift; path = LSImageExtension.swift; sourceTree = "<group>"; };
		85E8CA281F57BE080055723E /* LSImageViewExtension.swift */ = {isa = PBXFileReference; fileEncoding = 4; lastKnownFileType = sourcecode.swift; path = LSImageViewExtension.swift; sourceTree = "<group>"; };
		85E8CA291F57BE080055723E /* LSLabelExtension.swift */ = {isa = PBXFileReference; fileEncoding = 4; lastKnownFileType = sourcecode.swift; path = LSLabelExtension.swift; sourceTree = "<group>"; };
		85E8CA2A1F57BE080055723E /* LSViewExtension.swift */ = {isa = PBXFileReference; fileEncoding = 4; lastKnownFileType = sourcecode.swift; path = LSViewExtension.swift; sourceTree = "<group>"; };
		85E8CA351F57BF8F0055723E /* LSBaseTableCell.swift */ = {isa = PBXFileReference; fileEncoding = 4; lastKnownFileType = sourcecode.swift; path = LSBaseTableCell.swift; sourceTree = "<group>"; };
		85E8CA371F57BFCE0055723E /* LSLeftTitleRightTitleCell.swift */ = {isa = PBXFileReference; fileEncoding = 4; lastKnownFileType = sourcecode.swift; path = LSLeftTitleRightTitleCell.swift; sourceTree = "<group>"; };
		85E8CA391F57BFE60055723E /* LSLeftTitleCell.swift */ = {isa = PBXFileReference; fileEncoding = 4; lastKnownFileType = sourcecode.swift; path = LSLeftTitleCell.swift; sourceTree = "<group>"; };
		85E8CA3B1F57C00A0055723E /* LSleftImageTitleCell.swift */ = {isa = PBXFileReference; fileEncoding = 4; lastKnownFileType = sourcecode.swift; path = LSleftImageTitleCell.swift; sourceTree = "<group>"; };
		85E8CA3D1F57C0A60055723E /* LSTextFiledCell.swift */ = {isa = PBXFileReference; fileEncoding = 4; lastKnownFileType = sourcecode.swift; path = LSTextFiledCell.swift; sourceTree = "<group>"; };
		85E8CA3F1F57C0C90055723E /* LSLeftTitleRightSwitchCell.swift */ = {isa = PBXFileReference; fileEncoding = 4; lastKnownFileType = sourcecode.swift; path = LSLeftTitleRightSwitchCell.swift; sourceTree = "<group>"; };
		85E8CA411F57C13F0055723E /* LSTopBottomTitleCell.swift */ = {isa = PBXFileReference; fileEncoding = 4; lastKnownFileType = sourcecode.swift; path = LSTopBottomTitleCell.swift; sourceTree = "<group>"; };
		85E8CA431F57C16C0055723E /* LSTopTitleBottomTextFiledCell.swift */ = {isa = PBXFileReference; fileEncoding = 4; lastKnownFileType = sourcecode.swift; path = LSTopTitleBottomTextFiledCell.swift; sourceTree = "<group>"; };
		85E8CA461F57C7D10055723E /* AppDelegate.swift */ = {isa = PBXFileReference; fileEncoding = 4; lastKnownFileType = sourcecode.swift; path = AppDelegate.swift; sourceTree = "<group>"; };
		85E8CA481F57C7D10055723E /* ViewController.swift */ = {isa = PBXFileReference; fileEncoding = 4; lastKnownFileType = sourcecode.swift; path = ViewController.swift; sourceTree = "<group>"; };
		85E8CA4C1F57C8F30055723E /* Info.plist */ = {isa = PBXFileReference; fileEncoding = 4; lastKnownFileType = text.plist.xml; path = Info.plist; sourceTree = "<group>"; };
		85E8CA4E1F57DC8D0055723E /* LSPch.swift */ = {isa = PBXFileReference; fileEncoding = 4; lastKnownFileType = sourcecode.swift; path = LSPch.swift; sourceTree = "<group>"; };
		85E8CA501F57EA4B0055723E /* LSTableCellDef.swift */ = {isa = PBXFileReference; fileEncoding = 4; lastKnownFileType = sourcecode.swift; path = LSTableCellDef.swift; sourceTree = "<group>"; };
		85E8CA521F580C5F0055723E /* LSTableViewData.swift */ = {isa = PBXFileReference; fileEncoding = 4; lastKnownFileType = sourcecode.swift; path = LSTableViewData.swift; sourceTree = "<group>"; };
		A9B8A66DD40449D1AB99EFBF /* Pods_LaoSanTests.framework */ = {isa = PBXFileReference; explicitFileType = wrapper.framework; includeInIndex = 0; path = Pods_LaoSanTests.framework; sourceTree = BUILT_PRODUCTS_DIR; };
		C3DF2EA951A736188215E96C /* Pods-LaoSan.release.xcconfig */ = {isa = PBXFileReference; includeInIndex = 1; lastKnownFileType = text.xcconfig; name = "Pods-LaoSan.release.xcconfig"; path = "Pods/Target Support Files/Pods-LaoSan/Pods-LaoSan.release.xcconfig"; sourceTree = "<group>"; };
		FEF5689CF5DC7D41B59304C7 /* Pods_LaoSanUITests.framework */ = {isa = PBXFileReference; explicitFileType = wrapper.framework; includeInIndex = 0; path = Pods_LaoSanUITests.framework; sourceTree = BUILT_PRODUCTS_DIR; };
/* End PBXFileReference section */

/* Begin PBXFrameworksBuildPhase section */
		85E8C9AB1F5668D40055723E /* Frameworks */ = {
			isa = PBXFrameworksBuildPhase;
			buildActionMask = 2147483647;
			files = (
				1D8D88B091DB953DD4526185 /* Pods_LaoSan.framework in Frameworks */,
			);
			runOnlyForDeploymentPostprocessing = 0;
		};
		85E8C9BF1F5668D40055723E /* Frameworks */ = {
			isa = PBXFrameworksBuildPhase;
			buildActionMask = 2147483647;
			files = (
				09623517820FC931CA79EC8F /* Pods_LaoSanTests.framework in Frameworks */,
			);
			runOnlyForDeploymentPostprocessing = 0;
		};
		85E8C9CA1F5668D40055723E /* Frameworks */ = {
			isa = PBXFrameworksBuildPhase;
			buildActionMask = 2147483647;
			files = (
				C7D8073E734ED85A85A0D4D1 /* Pods_LaoSanUITests.framework in Frameworks */,
			);
			runOnlyForDeploymentPostprocessing = 0;
		};
/* End PBXFrameworksBuildPhase section */

/* Begin PBXGroup section */
		85E8C9A51F5668D40055723E = {
			isa = PBXGroup;
			children = (
				85E8C9B01F5668D40055723E /* LaoSan */,
				85E8C9C51F5668D40055723E /* LaoSanTests */,
				85E8C9D01F5668D40055723E /* LaoSanUITests */,
				85E8C9AF1F5668D40055723E /* Products */,
				886BE96A221B9ED0925EAE87 /* Pods */,
				CFEC478A66D25951C36F2F04 /* Frameworks */,
			);
			sourceTree = "<group>";
		};
		85E8C9AF1F5668D40055723E /* Products */ = {
			isa = PBXGroup;
			children = (
				85E8C9AE1F5668D40055723E /* LaoSan.app */,
				85E8C9C21F5668D40055723E /* LaoSanTests.xctest */,
				85E8C9CD1F5668D40055723E /* LaoSanUITests.xctest */,
			);
			name = Products;
			sourceTree = "<group>";
		};
		85E8C9B01F5668D40055723E /* LaoSan */ = {
			isa = PBXGroup;
			children = (
				85E8CA451F57C7D10055723E /* Main */,
				85E8CA221F57BE080055723E /* LSKit */,
				85E8CA081F57AEC30055723E /* LSAudioPlayer */,
				85E8CA091F57AEC30055723E /* LSDownLoadManager */,
				85E8CA0A1F57AEC30055723E /* LSImagePreview */,
				85E8CA0B1F57AEC30055723E /* LSNetwork */,
				85E8CA0C1F57AEC30055723E /* LSPhotoPicker */,
				85E8CA0D1F57AEC30055723E /* LSSandBoxFileManager */,
				85E8CA0F1F57AEC30055723E /* LSVideoPlayer */,
				85E8C9B51F5668D40055723E /* Main.storyboard */,
				85E8CA4C1F57C8F30055723E /* Info.plist */,
				85E8CA4E1F57DC8D0055723E /* LSPch.swift */,
				85E8C9B81F5668D40055723E /* Assets.xcassets */,
				85E8C9BA1F5668D40055723E /* LaunchScreen.storyboard */,
			);
			path = LaoSan;
			sourceTree = "<group>";
		};
		85E8C9C51F5668D40055723E /* LaoSanTests */ = {
			isa = PBXGroup;
			children = (
				85E8C9C61F5668D40055723E /* LaoSanTests.swift */,
				85E8C9C81F5668D40055723E /* Info.plist */,
			);
			path = LaoSanTests;
			sourceTree = "<group>";
		};
		85E8C9D01F5668D40055723E /* LaoSanUITests */ = {
			isa = PBXGroup;
			children = (
				85E8C9D11F5668D40055723E /* LaoSanUITests.swift */,
				85E8C9D31F5668D50055723E /* Info.plist */,
			);
			path = LaoSanUITests;
			sourceTree = "<group>";
		};
		85E8CA081F57AEC30055723E /* LSAudioPlayer */ = {
			isa = PBXGroup;
			children = (
			);
			path = LSAudioPlayer;
			sourceTree = "<group>";
		};
		85E8CA091F57AEC30055723E /* LSDownLoadManager */ = {
			isa = PBXGroup;
			children = (
			);
			path = LSDownLoadManager;
			sourceTree = "<group>";
		};
		85E8CA0A1F57AEC30055723E /* LSImagePreview */ = {
			isa = PBXGroup;
			children = (
			);
			path = LSImagePreview;
			sourceTree = "<group>";
		};
		85E8CA0B1F57AEC30055723E /* LSNetwork */ = {
			isa = PBXGroup;
			children = (
			);
			path = LSNetwork;
			sourceTree = "<group>";
		};
		85E8CA0C1F57AEC30055723E /* LSPhotoPicker */ = {
			isa = PBXGroup;
			children = (
			);
			path = LSPhotoPicker;
			sourceTree = "<group>";
		};
		85E8CA0D1F57AEC30055723E /* LSSandBoxFileManager */ = {
			isa = PBXGroup;
			children = (
			);
			path = LSSandBoxFileManager;
			sourceTree = "<group>";
		};
		85E8CA0F1F57AEC30055723E /* LSVideoPlayer */ = {
			isa = PBXGroup;
			children = (
			);
			path = LSVideoPlayer;
			sourceTree = "<group>";
		};
		85E8CA221F57BE080055723E /* LSKit */ = {
			isa = PBXGroup;
			children = (
				85E8CA231F57BE080055723E /* Extensions */,
				85E8CA2B1F57BE080055723E /* Views */,
			);
			path = LSKit;
			sourceTree = "<group>";
		};
		85E8CA231F57BE080055723E /* Extensions */ = {
			isa = PBXGroup;
			children = (
				85E8CA241F57BE080055723E /* LSButtonExtension.swift */,
				85E8CA251F57BE080055723E /* LSColorExtension.swift */,
				85E8CA261F57BE080055723E /* LSFontExtension.swift */,
				85E8CA271F57BE080055723E /* LSImageExtension.swift */,
				85E8CA281F57BE080055723E /* LSImageViewExtension.swift */,
				85E8CA291F57BE080055723E /* LSLabelExtension.swift */,
				85E8CA2A1F57BE080055723E /* LSViewExtension.swift */,
			);
			path = Extensions;
			sourceTree = "<group>";
		};
		85E8CA2B1F57BE080055723E /* Views */ = {
			isa = PBXGroup;
			children = (
				85E8CA2C1F57BE080055723E /* cells */,
				85E8CA2D1F57BE080055723E /* views */,
			);
			path = Views;
			sourceTree = "<group>";
		};
		85E8CA2C1F57BE080055723E /* cells */ = {
			isa = PBXGroup;
			children = (
				85E8CA351F57BF8F0055723E /* LSBaseTableCell.swift */,
				85E8CA371F57BFCE0055723E /* LSLeftTitleRightTitleCell.swift */,
				85E8CA391F57BFE60055723E /* LSLeftTitleCell.swift */,
				85E8CA3B1F57C00A0055723E /* LSleftImageTitleCell.swift */,
				85E8CA3D1F57C0A60055723E /* LSTextFiledCell.swift */,
				85E8CA3F1F57C0C90055723E /* LSLeftTitleRightSwitchCell.swift */,
				85E8CA411F57C13F0055723E /* LSTopBottomTitleCell.swift */,
				85E8CA431F57C16C0055723E /* LSTopTitleBottomTextFiledCell.swift */,
				85E8CA501F57EA4B0055723E /* LSTableCellDef.swift */,
				85E8CA521F580C5F0055723E /* LSTableViewData.swift */,
			);
			path = cells;
			sourceTree = "<group>";
		};
		85E8CA2D1F57BE080055723E /* views */ = {
			isa = PBXGroup;
			children = (
			);
			path = views;
			sourceTree = "<group>";
		};
		85E8CA451F57C7D10055723E /* Main */ = {
			isa = PBXGroup;
			children = (
				85E8CA461F57C7D10055723E /* AppDelegate.swift */,
				85E8CA481F57C7D10055723E /* ViewController.swift */,
			);
			path = Main;
			sourceTree = "<group>";
		};
		886BE96A221B9ED0925EAE87 /* Pods */ = {
			isa = PBXGroup;
			children = (
				5B983B0E52DA88BDCB60F41A /* Pods-LaoSan.debug.xcconfig */,
				C3DF2EA951A736188215E96C /* Pods-LaoSan.release.xcconfig */,
				7FEF276868F2CACFA9C4108F /* Pods-LaoSanTests.debug.xcconfig */,
				3C02ADAE741FE7A5413FDB59 /* Pods-LaoSanTests.release.xcconfig */,
				502BB3E4DBB6FD9F43C562B4 /* Pods-LaoSanUITests.debug.xcconfig */,
				4D8ED28533EB0D8084D1CEF0 /* Pods-LaoSanUITests.release.xcconfig */,
			);
			name = Pods;
			sourceTree = "<group>";
		};
		CFEC478A66D25951C36F2F04 /* Frameworks */ = {
			isa = PBXGroup;
			children = (
				5B0426CC97C17D0B8C6FC558 /* Pods_LaoSan.framework */,
				A9B8A66DD40449D1AB99EFBF /* Pods_LaoSanTests.framework */,
				FEF5689CF5DC7D41B59304C7 /* Pods_LaoSanUITests.framework */,
			);
			name = Frameworks;
			sourceTree = "<group>";
		};
/* End PBXGroup section */

/* Begin PBXNativeTarget section */
		85E8C9AD1F5668D40055723E /* LaoSan */ = {
			isa = PBXNativeTarget;
			buildConfigurationList = 85E8C9D61F5668D50055723E /* Build configuration list for PBXNativeTarget "LaoSan" */;
			buildPhases = (
				CF8D93455530A87652CA2CE8 /* [CP] Check Pods Manifest.lock */,
				85E8C9AA1F5668D40055723E /* Sources */,
				85E8C9AB1F5668D40055723E /* Frameworks */,
				85E8C9AC1F5668D40055723E /* Resources */,
				1C6A1B81BFA258DAB1BD95D5 /* [CP] Embed Pods Frameworks */,
				01A26A1CA585FF5905D873EC /* [CP] Copy Pods Resources */,
			);
			buildRules = (
			);
			dependencies = (
			);
			name = LaoSan;
			productName = LaoSan;
			productReference = 85E8C9AE1F5668D40055723E /* LaoSan.app */;
			productType = "com.apple.product-type.application";
		};
		85E8C9C11F5668D40055723E /* LaoSanTests */ = {
			isa = PBXNativeTarget;
			buildConfigurationList = 85E8C9D91F5668D50055723E /* Build configuration list for PBXNativeTarget "LaoSanTests" */;
			buildPhases = (
				71D926957B253159309A1A12 /* [CP] Check Pods Manifest.lock */,
				85E8C9BE1F5668D40055723E /* Sources */,
				85E8C9BF1F5668D40055723E /* Frameworks */,
				85E8C9C01F5668D40055723E /* Resources */,
				06E7E534BFD4220B5BCFE116 /* [CP] Embed Pods Frameworks */,
				F730A25534FB3E9B5865A8C6 /* [CP] Copy Pods Resources */,
			);
			buildRules = (
			);
			dependencies = (
				85E8C9C41F5668D40055723E /* PBXTargetDependency */,
			);
			name = LaoSanTests;
			productName = LaoSanTests;
			productReference = 85E8C9C21F5668D40055723E /* LaoSanTests.xctest */;
			productType = "com.apple.product-type.bundle.unit-test";
		};
		85E8C9CC1F5668D40055723E /* LaoSanUITests */ = {
			isa = PBXNativeTarget;
			buildConfigurationList = 85E8C9DC1F5668D50055723E /* Build configuration list for PBXNativeTarget "LaoSanUITests" */;
			buildPhases = (
				01513D161AE10D266A051933 /* [CP] Check Pods Manifest.lock */,
				85E8C9C91F5668D40055723E /* Sources */,
				85E8C9CA1F5668D40055723E /* Frameworks */,
				85E8C9CB1F5668D40055723E /* Resources */,
				6865548B1934C03600350AEE /* [CP] Embed Pods Frameworks */,
				0A48425C28CAD59159ECB6C6 /* [CP] Copy Pods Resources */,
			);
			buildRules = (
			);
			dependencies = (
				85E8C9CF1F5668D40055723E /* PBXTargetDependency */,
			);
			name = LaoSanUITests;
			productName = LaoSanUITests;
			productReference = 85E8C9CD1F5668D40055723E /* LaoSanUITests.xctest */;
			productType = "com.apple.product-type.bundle.ui-testing";
		};
/* End PBXNativeTarget section */

/* Begin PBXProject section */
		85E8C9A61F5668D40055723E /* Project object */ = {
			isa = PBXProject;
			attributes = {
				LastSwiftUpdateCheck = 0830;
				LastUpgradeCheck = 0830;
				ORGANIZATIONNAME = liuyunxin;
				TargetAttributes = {
					85E8C9AD1F5668D40055723E = {
						CreatedOnToolsVersion = 8.3.3;
						DevelopmentTeam = D47CZT3KBD;
						ProvisioningStyle = Automatic;
					};
					85E8C9C11F5668D40055723E = {
						CreatedOnToolsVersion = 8.3.3;
						ProvisioningStyle = Automatic;
						TestTargetID = 85E8C9AD1F5668D40055723E;
					};
					85E8C9CC1F5668D40055723E = {
						CreatedOnToolsVersion = 8.3.3;
						ProvisioningStyle = Automatic;
						TestTargetID = 85E8C9AD1F5668D40055723E;
					};
				};
			};
			buildConfigurationList = 85E8C9A91F5668D40055723E /* Build configuration list for PBXProject "LaoSan" */;
			compatibilityVersion = "Xcode 3.2";
			developmentRegion = English;
			hasScannedForEncodings = 0;
			knownRegions = (
				en,
				Base,
			);
			mainGroup = 85E8C9A51F5668D40055723E;
			productRefGroup = 85E8C9AF1F5668D40055723E /* Products */;
			projectDirPath = "";
			projectRoot = "";
			targets = (
				85E8C9AD1F5668D40055723E /* LaoSan */,
				85E8C9C11F5668D40055723E /* LaoSanTests */,
				85E8C9CC1F5668D40055723E /* LaoSanUITests */,
			);
		};
/* End PBXProject section */

/* Begin PBXResourcesBuildPhase section */
		85E8C9AC1F5668D40055723E /* Resources */ = {
			isa = PBXResourcesBuildPhase;
			buildActionMask = 2147483647;
			files = (
				85E8CA4D1F57C8F30055723E /* Info.plist in Resources */,
				85E8C9BC1F5668D40055723E /* LaunchScreen.storyboard in Resources */,
				85E8C9B91F5668D40055723E /* Assets.xcassets in Resources */,
				85E8C9B71F5668D40055723E /* Main.storyboard in Resources */,
			);
			runOnlyForDeploymentPostprocessing = 0;
		};
		85E8C9C01F5668D40055723E /* Resources */ = {
			isa = PBXResourcesBuildPhase;
			buildActionMask = 2147483647;
			files = (
			);
			runOnlyForDeploymentPostprocessing = 0;
		};
		85E8C9CB1F5668D40055723E /* Resources */ = {
			isa = PBXResourcesBuildPhase;
			buildActionMask = 2147483647;
			files = (
			);
			runOnlyForDeploymentPostprocessing = 0;
		};
/* End PBXResourcesBuildPhase section */

/* Begin PBXShellScriptBuildPhase section */
		01513D161AE10D266A051933 /* [CP] Check Pods Manifest.lock */ = {
			isa = PBXShellScriptBuildPhase;
			buildActionMask = 2147483647;
			files = (
			);
			inputPaths = (
				"${PODS_PODFILE_DIR_PATH}/Podfile.lock",
				"${PODS_ROOT}/Manifest.lock",
			);
			name = "[CP] Check Pods Manifest.lock";
			outputPaths = (
				"$(DERIVED_FILE_DIR)/Pods-LaoSanUITests-checkManifestLockResult.txt",
			);
			runOnlyForDeploymentPostprocessing = 0;
			shellPath = /bin/sh;
			shellScript = "diff \"${PODS_PODFILE_DIR_PATH}/Podfile.lock\" \"${PODS_ROOT}/Manifest.lock\" > /dev/null\nif [ $? != 0 ] ; then\n    # print error to STDERR\n    echo \"error: The sandbox is not in sync with the Podfile.lock. Run 'pod install' or update your CocoaPods installation.\" >&2\n    exit 1\nfi\n# This output is used by Xcode 'outputs' to avoid re-running this script phase.\necho \"SUCCESS\" > \"${SCRIPT_OUTPUT_FILE_0}\"\n";
			showEnvVarsInLog = 0;
		};
		01A26A1CA585FF5905D873EC /* [CP] Copy Pods Resources */ = {
			isa = PBXShellScriptBuildPhase;
			buildActionMask = 2147483647;
			files = (
			);
			inputPaths = (
			);
			name = "[CP] Copy Pods Resources";
			outputPaths = (
			);
			runOnlyForDeploymentPostprocessing = 0;
			shellPath = /bin/sh;
			shellScript = "\"${SRCROOT}/Pods/Target Support Files/Pods-LaoSan/Pods-LaoSan-resources.sh\"\n";
			showEnvVarsInLog = 0;
		};
		06E7E534BFD4220B5BCFE116 /* [CP] Embed Pods Frameworks */ = {
			isa = PBXShellScriptBuildPhase;
			buildActionMask = 2147483647;
			files = (
			);
			inputPaths = (
			);
			name = "[CP] Embed Pods Frameworks";
			outputPaths = (
			);
			runOnlyForDeploymentPostprocessing = 0;
			shellPath = /bin/sh;
			shellScript = "\"${SRCROOT}/Pods/Target Support Files/Pods-LaoSanTests/Pods-LaoSanTests-frameworks.sh\"\n";
			showEnvVarsInLog = 0;
		};
		0A48425C28CAD59159ECB6C6 /* [CP] Copy Pods Resources */ = {
			isa = PBXShellScriptBuildPhase;
			buildActionMask = 2147483647;
			files = (
			);
			inputPaths = (
			);
			name = "[CP] Copy Pods Resources";
			outputPaths = (
			);
			runOnlyForDeploymentPostprocessing = 0;
			shellPath = /bin/sh;
			shellScript = "\"${SRCROOT}/Pods/Target Support Files/Pods-LaoSanUITests/Pods-LaoSanUITests-resources.sh\"\n";
			showEnvVarsInLog = 0;
		};
		1C6A1B81BFA258DAB1BD95D5 /* [CP] Embed Pods Frameworks */ = {
			isa = PBXShellScriptBuildPhase;
			buildActionMask = 2147483647;
			files = (
			);
			inputPaths = (
				"${SRCROOT}/Pods/Target Support Files/Pods-LaoSan/Pods-LaoSan-frameworks.sh",
				"${BUILT_PRODUCTS_DIR}/Alamofire/Alamofire.framework",
				"${BUILT_PRODUCTS_DIR}/HandyJSON/HandyJSON.framework",
				"${BUILT_PRODUCTS_DIR}/IQKeyboardManagerSwift/IQKeyboardManagerSwift.framework",
				"${BUILT_PRODUCTS_DIR}/KeychainAccess/KeychainAccess.framework",
				"${BUILT_PRODUCTS_DIR}/Kingfisher/Kingfisher.framework",
				"${BUILT_PRODUCTS_DIR}/MJRefresh/MJRefresh.framework",
				"${BUILT_PRODUCTS_DIR}/PKHUD/PKHUD.framework",
				"${BUILT_PRODUCTS_DIR}/PromiseKit/PromiseKit.framework",
				"${BUILT_PRODUCTS_DIR}/ReactiveCocoa/ReactiveCocoa.framework",
				"${BUILT_PRODUCTS_DIR}/ReactiveSwift/ReactiveSwift.framework",
				"${BUILT_PRODUCTS_DIR}/Realm/Realm.framework",
				"${BUILT_PRODUCTS_DIR}/RealmSwift/RealmSwift.framework",
				"${BUILT_PRODUCTS_DIR}/Result/Result.framework",
				"${BUILT_PRODUCTS_DIR}/SnapKit/SnapKit.framework",
			);
			name = "[CP] Embed Pods Frameworks";
			outputPaths = (
				"${TARGET_BUILD_DIR}/${FRAMEWORKS_FOLDER_PATH}/Alamofire.framework",
				"${TARGET_BUILD_DIR}/${FRAMEWORKS_FOLDER_PATH}/HandyJSON.framework",
				"${TARGET_BUILD_DIR}/${FRAMEWORKS_FOLDER_PATH}/IQKeyboardManagerSwift.framework",
				"${TARGET_BUILD_DIR}/${FRAMEWORKS_FOLDER_PATH}/KeychainAccess.framework",
				"${TARGET_BUILD_DIR}/${FRAMEWORKS_FOLDER_PATH}/Kingfisher.framework",
				"${TARGET_BUILD_DIR}/${FRAMEWORKS_FOLDER_PATH}/MJRefresh.framework",
				"${TARGET_BUILD_DIR}/${FRAMEWORKS_FOLDER_PATH}/PKHUD.framework",
				"${TARGET_BUILD_DIR}/${FRAMEWORKS_FOLDER_PATH}/PromiseKit.framework",
				"${TARGET_BUILD_DIR}/${FRAMEWORKS_FOLDER_PATH}/ReactiveCocoa.framework",
				"${TARGET_BUILD_DIR}/${FRAMEWORKS_FOLDER_PATH}/ReactiveSwift.framework",
				"${TARGET_BUILD_DIR}/${FRAMEWORKS_FOLDER_PATH}/Realm.framework",
				"${TARGET_BUILD_DIR}/${FRAMEWORKS_FOLDER_PATH}/RealmSwift.framework",
				"${TARGET_BUILD_DIR}/${FRAMEWORKS_FOLDER_PATH}/Result.framework",
				"${TARGET_BUILD_DIR}/${FRAMEWORKS_FOLDER_PATH}/SnapKit.framework",
			);
			runOnlyForDeploymentPostprocessing = 0;
			shellPath = /bin/sh;
			shellScript = "\"${SRCROOT}/Pods/Target Support Files/Pods-LaoSan/Pods-LaoSan-frameworks.sh\"\n";
			showEnvVarsInLog = 0;
		};
		6865548B1934C03600350AEE /* [CP] Embed Pods Frameworks */ = {
			isa = PBXShellScriptBuildPhase;
			buildActionMask = 2147483647;
			files = (
			);
			inputPaths = (
			);
			name = "[CP] Embed Pods Frameworks";
			outputPaths = (
			);
			runOnlyForDeploymentPostprocessing = 0;
			shellPath = /bin/sh;
			shellScript = "\"${SRCROOT}/Pods/Target Support Files/Pods-LaoSanUITests/Pods-LaoSanUITests-frameworks.sh\"\n";
			showEnvVarsInLog = 0;
		};
		71D926957B253159309A1A12 /* [CP] Check Pods Manifest.lock */ = {
			isa = PBXShellScriptBuildPhase;
			buildActionMask = 2147483647;
			files = (
			);
			inputPaths = (
				"${PODS_PODFILE_DIR_PATH}/Podfile.lock",
				"${PODS_ROOT}/Manifest.lock",
			);
			name = "[CP] Check Pods Manifest.lock";
			outputPaths = (
				"$(DERIVED_FILE_DIR)/Pods-LaoSanTests-checkManifestLockResult.txt",
			);
			runOnlyForDeploymentPostprocessing = 0;
			shellPath = /bin/sh;
			shellScript = "diff \"${PODS_PODFILE_DIR_PATH}/Podfile.lock\" \"${PODS_ROOT}/Manifest.lock\" > /dev/null\nif [ $? != 0 ] ; then\n    # print error to STDERR\n    echo \"error: The sandbox is not in sync with the Podfile.lock. Run 'pod install' or update your CocoaPods installation.\" >&2\n    exit 1\nfi\n# This output is used by Xcode 'outputs' to avoid re-running this script phase.\necho \"SUCCESS\" > \"${SCRIPT_OUTPUT_FILE_0}\"\n";
			showEnvVarsInLog = 0;
		};
		CF8D93455530A87652CA2CE8 /* [CP] Check Pods Manifest.lock */ = {
			isa = PBXShellScriptBuildPhase;
			buildActionMask = 2147483647;
			files = (
			);
			inputPaths = (
				"${PODS_PODFILE_DIR_PATH}/Podfile.lock",
				"${PODS_ROOT}/Manifest.lock",
			);
			name = "[CP] Check Pods Manifest.lock";
			outputPaths = (
				"$(DERIVED_FILE_DIR)/Pods-LaoSan-checkManifestLockResult.txt",
			);
			runOnlyForDeploymentPostprocessing = 0;
			shellPath = /bin/sh;
			shellScript = "diff \"${PODS_PODFILE_DIR_PATH}/Podfile.lock\" \"${PODS_ROOT}/Manifest.lock\" > /dev/null\nif [ $? != 0 ] ; then\n    # print error to STDERR\n    echo \"error: The sandbox is not in sync with the Podfile.lock. Run 'pod install' or update your CocoaPods installation.\" >&2\n    exit 1\nfi\n# This output is used by Xcode 'outputs' to avoid re-running this script phase.\necho \"SUCCESS\" > \"${SCRIPT_OUTPUT_FILE_0}\"\n";
			showEnvVarsInLog = 0;
		};
		F730A25534FB3E9B5865A8C6 /* [CP] Copy Pods Resources */ = {
			isa = PBXShellScriptBuildPhase;
			buildActionMask = 2147483647;
			files = (
			);
			inputPaths = (
			);
			name = "[CP] Copy Pods Resources";
			outputPaths = (
			);
			runOnlyForDeploymentPostprocessing = 0;
			shellPath = /bin/sh;
			shellScript = "\"${SRCROOT}/Pods/Target Support Files/Pods-LaoSanTests/Pods-LaoSanTests-resources.sh\"\n";
			showEnvVarsInLog = 0;
		};
/* End PBXShellScriptBuildPhase section */

/* Begin PBXSourcesBuildPhase section */
		85E8C9AA1F5668D40055723E /* Sources */ = {
			isa = PBXSourcesBuildPhase;
			buildActionMask = 2147483647;
			files = (
				85E8CA3A1F57BFE60055723E /* LSLeftTitleCell.swift in Sources */,
				85E8CA321F57BE080055723E /* LSImageViewExtension.swift in Sources */,
				85E8CA2F1F57BE080055723E /* LSColorExtension.swift in Sources */,
				85E8CA361F57BF8F0055723E /* LSBaseTableCell.swift in Sources */,
				85E8CA511F57EA4B0055723E /* LSTableCellDef.swift in Sources */,
				85E8CA4F1F57DC8D0055723E /* LSPch.swift in Sources */,
				85E8CA441F57C16C0055723E /* LSTopTitleBottomTextFiledCell.swift in Sources */,
				85E8CA2E1F57BE080055723E /* LSButtonExtension.swift in Sources */,
				85E8CA341F57BE080055723E /* LSViewExtension.swift in Sources */,
				85E8CA3C1F57C00A0055723E /* LSleftImageTitleCell.swift in Sources */,
				85E8CA491F57C7D10055723E /* AppDelegate.swift in Sources */,
				85E8CA4B1F57C7D10055723E /* ViewController.swift in Sources */,
				85E8CA531F580C5F0055723E /* LSTableViewData.swift in Sources */,
				85E8CA401F57C0C90055723E /* LSLeftTitleRightSwitchCell.swift in Sources */,
				85E8CA331F57BE080055723E /* LSLabelExtension.swift in Sources */,
				85E8CA381F57BFCE0055723E /* LSLeftTitleRightTitleCell.swift in Sources */,
				85E8CA311F57BE080055723E /* LSImageExtension.swift in Sources */,
				85E8CA3E1F57C0A60055723E /* LSTextFiledCell.swift in Sources */,
				85E8CA421F57C13F0055723E /* LSTopBottomTitleCell.swift in Sources */,
				85E8CA301F57BE080055723E /* LSFontExtension.swift in Sources */,
			);
			runOnlyForDeploymentPostprocessing = 0;
		};
		85E8C9BE1F5668D40055723E /* Sources */ = {
			isa = PBXSourcesBuildPhase;
			buildActionMask = 2147483647;
			files = (
				85E8C9C71F5668D40055723E /* LaoSanTests.swift in Sources */,
			);
			runOnlyForDeploymentPostprocessing = 0;
		};
		85E8C9C91F5668D40055723E /* Sources */ = {
			isa = PBXSourcesBuildPhase;
			buildActionMask = 2147483647;
			files = (
				85E8C9D21F5668D40055723E /* LaoSanUITests.swift in Sources */,
			);
			runOnlyForDeploymentPostprocessing = 0;
		};
/* End PBXSourcesBuildPhase section */

/* Begin PBXTargetDependency section */
		85E8C9C41F5668D40055723E /* PBXTargetDependency */ = {
			isa = PBXTargetDependency;
			target = 85E8C9AD1F5668D40055723E /* LaoSan */;
			targetProxy = 85E8C9C31F5668D40055723E /* PBXContainerItemProxy */;
		};
		85E8C9CF1F5668D40055723E /* PBXTargetDependency */ = {
			isa = PBXTargetDependency;
			target = 85E8C9AD1F5668D40055723E /* LaoSan */;
			targetProxy = 85E8C9CE1F5668D40055723E /* PBXContainerItemProxy */;
		};
/* End PBXTargetDependency section */

/* Begin PBXVariantGroup section */
		85E8C9B51F5668D40055723E /* Main.storyboard */ = {
			isa = PBXVariantGroup;
			children = (
				85E8C9B61F5668D40055723E /* Base */,
			);
			name = Main.storyboard;
			sourceTree = "<group>";
		};
		85E8C9BA1F5668D40055723E /* LaunchScreen.storyboard */ = {
			isa = PBXVariantGroup;
			children = (
				85E8C9BB1F5668D40055723E /* Base */,
			);
			name = LaunchScreen.storyboard;
			sourceTree = "<group>";
		};
/* End PBXVariantGroup section */

/* Begin XCBuildConfiguration section */
		85E8C9D41F5668D50055723E /* Debug */ = {
			isa = XCBuildConfiguration;
			buildSettings = {
				ALWAYS_SEARCH_USER_PATHS = NO;
				CLANG_ANALYZER_NONNULL = YES;
				CLANG_ANALYZER_NUMBER_OBJECT_CONVERSION = YES_AGGRESSIVE;
				CLANG_CXX_LANGUAGE_STANDARD = "gnu++0x";
				CLANG_CXX_LIBRARY = "libc++";
				CLANG_ENABLE_MODULES = YES;
				CLANG_ENABLE_OBJC_ARC = YES;
				CLANG_WARN_BOOL_CONVERSION = YES;
				CLANG_WARN_CONSTANT_CONVERSION = YES;
				CLANG_WARN_DIRECT_OBJC_ISA_USAGE = YES_ERROR;
				CLANG_WARN_DOCUMENTATION_COMMENTS = YES;
				CLANG_WARN_EMPTY_BODY = YES;
				CLANG_WARN_ENUM_CONVERSION = YES;
				CLANG_WARN_INFINITE_RECURSION = YES;
				CLANG_WARN_INT_CONVERSION = YES;
				CLANG_WARN_OBJC_ROOT_CLASS = YES_ERROR;
				CLANG_WARN_SUSPICIOUS_MOVE = YES;
				CLANG_WARN_UNREACHABLE_CODE = YES;
				CLANG_WARN__DUPLICATE_METHOD_MATCH = YES;
				"CODE_SIGN_IDENTITY[sdk=iphoneos*]" = "iPhone Developer";
				COPY_PHASE_STRIP = NO;
				DEBUG_INFORMATION_FORMAT = dwarf;
				ENABLE_STRICT_OBJC_MSGSEND = YES;
				ENABLE_TESTABILITY = YES;
				GCC_C_LANGUAGE_STANDARD = gnu99;
				GCC_DYNAMIC_NO_PIC = NO;
				GCC_NO_COMMON_BLOCKS = YES;
				GCC_OPTIMIZATION_LEVEL = 0;
				GCC_PREPROCESSOR_DEFINITIONS = (
					"DEBUG=1",
					"$(inherited)",
				);
				GCC_WARN_64_TO_32_BIT_CONVERSION = YES;
				GCC_WARN_ABOUT_RETURN_TYPE = YES_ERROR;
				GCC_WARN_UNDECLARED_SELECTOR = YES;
				GCC_WARN_UNINITIALIZED_AUTOS = YES_AGGRESSIVE;
				GCC_WARN_UNUSED_FUNCTION = YES;
				GCC_WARN_UNUSED_VARIABLE = YES;
				IPHONEOS_DEPLOYMENT_TARGET = 10.3;
				MTL_ENABLE_DEBUG_INFO = YES;
				ONLY_ACTIVE_ARCH = YES;
				SDKROOT = iphoneos;
				SWIFT_ACTIVE_COMPILATION_CONDITIONS = DEBUG;
				SWIFT_OPTIMIZATION_LEVEL = "-Onone";
				TARGETED_DEVICE_FAMILY = "1,2";
			};
			name = Debug;
		};
		85E8C9D51F5668D50055723E /* Release */ = {
			isa = XCBuildConfiguration;
			buildSettings = {
				ALWAYS_SEARCH_USER_PATHS = NO;
				CLANG_ANALYZER_NONNULL = YES;
				CLANG_ANALYZER_NUMBER_OBJECT_CONVERSION = YES_AGGRESSIVE;
				CLANG_CXX_LANGUAGE_STANDARD = "gnu++0x";
				CLANG_CXX_LIBRARY = "libc++";
				CLANG_ENABLE_MODULES = YES;
				CLANG_ENABLE_OBJC_ARC = YES;
				CLANG_WARN_BOOL_CONVERSION = YES;
				CLANG_WARN_CONSTANT_CONVERSION = YES;
				CLANG_WARN_DIRECT_OBJC_ISA_USAGE = YES_ERROR;
				CLANG_WARN_DOCUMENTATION_COMMENTS = YES;
				CLANG_WARN_EMPTY_BODY = YES;
				CLANG_WARN_ENUM_CONVERSION = YES;
				CLANG_WARN_INFINITE_RECURSION = YES;
				CLANG_WARN_INT_CONVERSION = YES;
				CLANG_WARN_OBJC_ROOT_CLASS = YES_ERROR;
				CLANG_WARN_SUSPICIOUS_MOVE = YES;
				CLANG_WARN_UNREACHABLE_CODE = YES;
				CLANG_WARN__DUPLICATE_METHOD_MATCH = YES;
				"CODE_SIGN_IDENTITY[sdk=iphoneos*]" = "iPhone Developer";
				COPY_PHASE_STRIP = NO;
				DEBUG_INFORMATION_FORMAT = "dwarf-with-dsym";
				ENABLE_NS_ASSERTIONS = NO;
				ENABLE_STRICT_OBJC_MSGSEND = YES;
				GCC_C_LANGUAGE_STANDARD = gnu99;
				GCC_NO_COMMON_BLOCKS = YES;
				GCC_WARN_64_TO_32_BIT_CONVERSION = YES;
				GCC_WARN_ABOUT_RETURN_TYPE = YES_ERROR;
				GCC_WARN_UNDECLARED_SELECTOR = YES;
				GCC_WARN_UNINITIALIZED_AUTOS = YES_AGGRESSIVE;
				GCC_WARN_UNUSED_FUNCTION = YES;
				GCC_WARN_UNUSED_VARIABLE = YES;
				IPHONEOS_DEPLOYMENT_TARGET = 10.3;
				MTL_ENABLE_DEBUG_INFO = NO;
				SDKROOT = iphoneos;
				SWIFT_OPTIMIZATION_LEVEL = "-Owholemodule";
				TARGETED_DEVICE_FAMILY = "1,2";
				VALIDATE_PRODUCT = YES;
			};
			name = Release;
		};
		85E8C9D71F5668D50055723E /* Debug */ = {
			isa = XCBuildConfiguration;
			baseConfigurationReference = 5B983B0E52DA88BDCB60F41A /* Pods-LaoSan.debug.xcconfig */;
			buildSettings = {
				ASSETCATALOG_COMPILER_APPICON_NAME = AppIcon;
				DEVELOPMENT_TEAM = D47CZT3KBD;
				INFOPLIST_FILE = LaoSan/Info.plist;
				LD_RUNPATH_SEARCH_PATHS = "$(inherited) @executable_path/Frameworks";
				PRODUCT_BUNDLE_IDENTIFIER = com.TCZY.LaoSan;
				PRODUCT_NAME = "$(TARGET_NAME)";
				SWIFT_VERSION = 3.0;
			};
			name = Debug;
		};
		85E8C9D81F5668D50055723E /* Release */ = {
			isa = XCBuildConfiguration;
			baseConfigurationReference = C3DF2EA951A736188215E96C /* Pods-LaoSan.release.xcconfig */;
			buildSettings = {
				ASSETCATALOG_COMPILER_APPICON_NAME = AppIcon;
				DEVELOPMENT_TEAM = D47CZT3KBD;
				INFOPLIST_FILE = LaoSan/Info.plist;
				LD_RUNPATH_SEARCH_PATHS = "$(inherited) @executable_path/Frameworks";
				PRODUCT_BUNDLE_IDENTIFIER = com.TCZY.LaoSan;
				PRODUCT_NAME = "$(TARGET_NAME)";
				SWIFT_VERSION = 3.0;
			};
			name = Release;
		};
		85E8C9DA1F5668D50055723E /* Debug */ = {
			isa = XCBuildConfiguration;
			baseConfigurationReference = 7FEF276868F2CACFA9C4108F /* Pods-LaoSanTests.debug.xcconfig */;
			buildSettings = {
				ALWAYS_EMBED_SWIFT_STANDARD_LIBRARIES = YES;
				BUNDLE_LOADER = "$(TEST_HOST)";
				INFOPLIST_FILE = LaoSanTests/Info.plist;
				LD_RUNPATH_SEARCH_PATHS = "$(inherited) @executable_path/Frameworks @loader_path/Frameworks";
				PRODUCT_BUNDLE_IDENTIFIER = com.TCZY.LaoSanTests;
				PRODUCT_NAME = "$(TARGET_NAME)";
				SWIFT_VERSION = 3.0;
				TEST_HOST = "$(BUILT_PRODUCTS_DIR)/LaoSan.app/LaoSan";
			};
			name = Debug;
		};
		85E8C9DB1F5668D50055723E /* Release */ = {
			isa = XCBuildConfiguration;
			baseConfigurationReference = 3C02ADAE741FE7A5413FDB59 /* Pods-LaoSanTests.release.xcconfig */;
			buildSettings = {
				ALWAYS_EMBED_SWIFT_STANDARD_LIBRARIES = YES;
				BUNDLE_LOADER = "$(TEST_HOST)";
				INFOPLIST_FILE = LaoSanTests/Info.plist;
				LD_RUNPATH_SEARCH_PATHS = "$(inherited) @executable_path/Frameworks @loader_path/Frameworks";
				PRODUCT_BUNDLE_IDENTIFIER = com.TCZY.LaoSanTests;
				PRODUCT_NAME = "$(TARGET_NAME)";
				SWIFT_VERSION = 3.0;
				TEST_HOST = "$(BUILT_PRODUCTS_DIR)/LaoSan.app/LaoSan";
			};
			name = Release;
		};
		85E8C9DD1F5668D50055723E /* Debug */ = {
			isa = XCBuildConfiguration;
			baseConfigurationReference = 502BB3E4DBB6FD9F43C562B4 /* Pods-LaoSanUITests.debug.xcconfig */;
			buildSettings = {
				ALWAYS_EMBED_SWIFT_STANDARD_LIBRARIES = YES;
				INFOPLIST_FILE = LaoSanUITests/Info.plist;
				LD_RUNPATH_SEARCH_PATHS = "$(inherited) @executable_path/Frameworks @loader_path/Frameworks";
				PRODUCT_BUNDLE_IDENTIFIER = com.TCZY.LaoSanUITests;
				PRODUCT_NAME = "$(TARGET_NAME)";
				SWIFT_VERSION = 3.0;
				TEST_TARGET_NAME = LaoSan;
			};
			name = Debug;
		};
		85E8C9DE1F5668D50055723E /* Release */ = {
			isa = XCBuildConfiguration;
			baseConfigurationReference = 4D8ED28533EB0D8084D1CEF0 /* Pods-LaoSanUITests.release.xcconfig */;
			buildSettings = {
				ALWAYS_EMBED_SWIFT_STANDARD_LIBRARIES = YES;
				INFOPLIST_FILE = LaoSanUITests/Info.plist;
				LD_RUNPATH_SEARCH_PATHS = "$(inherited) @executable_path/Frameworks @loader_path/Frameworks";
				PRODUCT_BUNDLE_IDENTIFIER = com.TCZY.LaoSanUITests;
				PRODUCT_NAME = "$(TARGET_NAME)";
				SWIFT_VERSION = 3.0;
				TEST_TARGET_NAME = LaoSan;
			};
			name = Release;
		};
/* End XCBuildConfiguration section */

/* Begin XCConfigurationList section */
		85E8C9A91F5668D40055723E /* Build configuration list for PBXProject "LaoSan" */ = {
			isa = XCConfigurationList;
			buildConfigurations = (
				85E8C9D41F5668D50055723E /* Debug */,
				85E8C9D51F5668D50055723E /* Release */,
			);
			defaultConfigurationIsVisible = 0;
			defaultConfigurationName = Release;
		};
		85E8C9D61F5668D50055723E /* Build configuration list for PBXNativeTarget "LaoSan" */ = {
			isa = XCConfigurationList;
			buildConfigurations = (
				85E8C9D71F5668D50055723E /* Debug */,
				85E8C9D81F5668D50055723E /* Release */,
			);
			defaultConfigurationIsVisible = 0;
			defaultConfigurationName = Release;
		};
		85E8C9D91F5668D50055723E /* Build configuration list for PBXNativeTarget "LaoSanTests" */ = {
			isa = XCConfigurationList;
			buildConfigurations = (
				85E8C9DA1F5668D50055723E /* Debug */,
				85E8C9DB1F5668D50055723E /* Release */,
			);
			defaultConfigurationIsVisible = 0;
			defaultConfigurationName = Release;
		};
		85E8C9DC1F5668D50055723E /* Build configuration list for PBXNativeTarget "LaoSanUITests" */ = {
			isa = XCConfigurationList;
			buildConfigurations = (
				85E8C9DD1F5668D50055723E /* Debug */,
				85E8C9DE1F5668D50055723E /* Release */,
			);
			defaultConfigurationIsVisible = 0;
			defaultConfigurationName = Release;
		};
/* End XCConfigurationList section */
	};
	rootObject = 85E8C9A61F5668D40055723E /* Project object */;
}
